// !$*UTF8*$!
{
	archiveVersion = 1;
	classes = {
	};
	objectVersion = 48;
	objects = {

/* Begin PBXBuildFile section */
		0D03DFDD1FF5A803008D40DB /* ResultsVC.swift in Sources */ = {isa = PBXBuildFile; fileRef = 0D03DFDC1FF5A803008D40DB /* ResultsVC.swift */; };
		0D16449A1FAE5A410090F930 /* DisclaimerVC.swift in Sources */ = {isa = PBXBuildFile; fileRef = 0D1644991FAE5A410090F930 /* DisclaimerVC.swift */; };
		0D30D2EC1F9AAE0200609DCE /* CoreDataStack.swift in Sources */ = {isa = PBXBuildFile; fileRef = 0D30D2EB1F9AAE0200609DCE /* CoreDataStack.swift */; };
		0D30D2EE1F9AB0D900609DCE /* Globals.swift in Sources */ = {isa = PBXBuildFile; fileRef = 0D30D2ED1F9AB0D900609DCE /* Globals.swift */; };
		0D4EFAE11F85B17500A18A8C /* AppDelegate.swift in Sources */ = {isa = PBXBuildFile; fileRef = 0D4EFAE01F85B17500A18A8C /* AppDelegate.swift */; };
		0D4EFAE61F85B17500A18A8C /* Main.storyboard in Resources */ = {isa = PBXBuildFile; fileRef = 0D4EFAE41F85B17500A18A8C /* Main.storyboard */; };
		0D4EFAE91F85B17500A18A8C /* WheelPotential.xcdatamodeld in Sources */ = {isa = PBXBuildFile; fileRef = 0D4EFAE71F85B17500A18A8C /* WheelPotential.xcdatamodeld */; };
		0D4EFAEB1F85B17500A18A8C /* Assets.xcassets in Resources */ = {isa = PBXBuildFile; fileRef = 0D4EFAEA1F85B17500A18A8C /* Assets.xcassets */; };
		0D4EFAF91F85B17500A18A8C /* WheelPotentialTests.swift in Sources */ = {isa = PBXBuildFile; fileRef = 0D4EFAF81F85B17500A18A8C /* WheelPotentialTests.swift */; };
		0D4EFB041F85B17500A18A8C /* WheelPotentialUITests.swift in Sources */ = {isa = PBXBuildFile; fileRef = 0D4EFB031F85B17500A18A8C /* WheelPotentialUITests.swift */; };
		0D4EFB131F85B21400A18A8C /* WheelVC.swift in Sources */ = {isa = PBXBuildFile; fileRef = 0D4EFB121F85B21400A18A8C /* WheelVC.swift */; };
		0D56F9671FA2B85F001B180A /* ActionsVC.swift in Sources */ = {isa = PBXBuildFile; fileRef = 0D56F9661FA2B85F001B180A /* ActionsVC.swift */; };
		0D56F9691FA2BF09001B180A /* Launch Screen.storyboard in Resources */ = {isa = PBXBuildFile; fileRef = 0D56F9681FA2BF09001B180A /* Launch Screen.storyboard */; };
		0D56F96C1FA2C1A4001B180A /* AnxietyVC.swift in Sources */ = {isa = PBXBuildFile; fileRef = 0D56F96B1FA2C1A4001B180A /* AnxietyVC.swift */; };
		0D5DD85C1FB664AC004B51BB /* WheelPotential_Blu-ray_60_1080i.mpg_1.mp4 in Resources */ = {isa = PBXBuildFile; fileRef = 0D5DD85B1FB664AC004B51BB /* WheelPotential_Blu-ray_60_1080i.mpg_1.mp4 */; };
		0DA081AA1F9B6EC400849AEA /* Words.swift in Sources */ = {isa = PBXBuildFile; fileRef = 0DA081A91F9B6EC400849AEA /* Words.swift */; };
		0DA081AE1F9B752100849AEA /* CaseCount.swift in Sources */ = {isa = PBXBuildFile; fileRef = 0DA081AD1F9B752100849AEA /* CaseCount.swift */; };
		0DA081B01F9B76D000849AEA /* WordCell.swift in Sources */ = {isa = PBXBuildFile; fileRef = 0DA081AF1F9B76D000849AEA /* WordCell.swift */; };
		0DA081B31F9B849100849AEA /* UIColor.swift in Sources */ = {isa = PBXBuildFile; fileRef = 0DA081B21F9B849100849AEA /* UIColor.swift */; };
		0DC3A10B1F9BC0360049108C /* DefinitionVC.swift in Sources */ = {isa = PBXBuildFile; fileRef = 0DC3A10A1F9BC0360049108C /* DefinitionVC.swift */; };
		0DCFE2DC1FD344A900102DC8 /* Gratitude.txt in Resources */ = {isa = PBXBuildFile; fileRef = 0DCFE2DB1FD344A900102DC8 /* Gratitude.txt */; };
		0DCFE2DE1FD344BD00102DC8 /* Love.txt in Resources */ = {isa = PBXBuildFile; fileRef = 0DCFE2DD1FD344BD00102DC8 /* Love.txt */; };
		0DCFE2E01FD3456000102DC8 /* Joy.txt in Resources */ = {isa = PBXBuildFile; fileRef = 0DCFE2DF1FD3456000102DC8 /* Joy.txt */; };
		0DCFE2E21FD345A600102DC8 /* Passion.txt in Resources */ = {isa = PBXBuildFile; fileRef = 0DCFE2E11FD345A600102DC8 /* Passion.txt */; };
		0DCFE2E41FD345CB00102DC8 /* Happiness.txt in Resources */ = {isa = PBXBuildFile; fileRef = 0DCFE2E31FD345CB00102DC8 /* Happiness.txt */; };
		0DCFE2E61FD345F200102DC8 /* Excitement.txt in Resources */ = {isa = PBXBuildFile; fileRef = 0DCFE2E51FD345F200102DC8 /* Excitement.txt */; };
		0DCFE2E81FD3460B00102DC8 /* Joyful Expectation.txt in Resources */ = {isa = PBXBuildFile; fileRef = 0DCFE2E71FD3460B00102DC8 /* Joyful Expectation.txt */; };
		0DCFE2EA1FD3462C00102DC8 /* Hope.txt in Resources */ = {isa = PBXBuildFile; fileRef = 0DCFE2E91FD3462C00102DC8 /* Hope.txt */; };
		0DCFE2EC1FD3464B00102DC8 /* Satisfaction.txt in Resources */ = {isa = PBXBuildFile; fileRef = 0DCFE2EB1FD3464B00102DC8 /* Satisfaction.txt */; };
		0DCFE2EE1FD3466500102DC8 /* Calm.txt in Resources */ = {isa = PBXBuildFile; fileRef = 0DCFE2ED1FD3466500102DC8 /* Calm.txt */; };
		0DCFE2F01FD3467D00102DC8 /* Boredom.txt in Resources */ = {isa = PBXBuildFile; fileRef = 0DCFE2EF1FD3467D00102DC8 /* Boredom.txt */; };
		0DCFE2F21FD3469000102DC8 /* Annoyance.txt in Resources */ = {isa = PBXBuildFile; fileRef = 0DCFE2F11FD3469000102DC8 /* Annoyance.txt */; };
		0DCFE2F41FD346A900102DC8 /* Worry.txt in Resources */ = {isa = PBXBuildFile; fileRef = 0DCFE2F31FD346A900102DC8 /* Worry.txt */; };
		0DCFE2F61FD346BE00102DC8 /* Blame.txt in Resources */ = {isa = PBXBuildFile; fileRef = 0DCFE2F51FD346BE00102DC8 /* Blame.txt */; };
		0DCFE2F81FD346D200102DC8 /* Anger.txt in Resources */ = {isa = PBXBuildFile; fileRef = 0DCFE2F71FD346D200102DC8 /* Anger.txt */; };
		0DCFE2FA1FD346E500102DC8 /* Revenge.txt in Resources */ = {isa = PBXBuildFile; fileRef = 0DCFE2F91FD346E500102DC8 /* Revenge.txt */; };
		0DCFE2FC1FD346F600102DC8 /* Hate.txt in Resources */ = {isa = PBXBuildFile; fileRef = 0DCFE2FB1FD346F600102DC8 /* Hate.txt */; };
		0DCFE2FE1FD3470900102DC8 /* Resentment.txt in Resources */ = {isa = PBXBuildFile; fileRef = 0DCFE2FD1FD3470900102DC8 /* Resentment.txt */; };
		0DCFE3001FD3471D00102DC8 /* Guilt.txt in Resources */ = {isa = PBXBuildFile; fileRef = 0DCFE2FF1FD3471D00102DC8 /* Guilt.txt */; };
		0DCFE3021FD3472F00102DC8 /* Depression.txt in Resources */ = {isa = PBXBuildFile; fileRef = 0DCFE3011FD3472F00102DC8 /* Depression.txt */; };
		0DCFE3041FD3474100102DC8 /* Apathy.txt in Resources */ = {isa = PBXBuildFile; fileRef = 0DCFE3031FD3474100102DC8 /* Apathy.txt */; };
		0DCFE3061FD3475600102DC8 /* Fear.txt in Resources */ = {isa = PBXBuildFile; fileRef = 0DCFE3051FD3475600102DC8 /* Fear.txt */; };
/* End PBXBuildFile section */

/* Begin PBXContainerItemProxy section */
		0D4EFAF51F85B17500A18A8C /* PBXContainerItemProxy */ = {
			isa = PBXContainerItemProxy;
			containerPortal = 0D4EFAD51F85B17500A18A8C /* Project object */;
			proxyType = 1;
			remoteGlobalIDString = 0D4EFADC1F85B17500A18A8C;
			remoteInfo = WheelPotential;
		};
		0D4EFB001F85B17500A18A8C /* PBXContainerItemProxy */ = {
			isa = PBXContainerItemProxy;
			containerPortal = 0D4EFAD51F85B17500A18A8C /* Project object */;
			proxyType = 1;
			remoteGlobalIDString = 0D4EFADC1F85B17500A18A8C;
			remoteInfo = WheelPotential;
		};
/* End PBXContainerItemProxy section */

/* Begin PBXFileReference section */
		0D03DFDC1FF5A803008D40DB /* ResultsVC.swift */ = {isa = PBXFileReference; lastKnownFileType = sourcecode.swift; path = ResultsVC.swift; sourceTree = "<group>"; };
		0D1644991FAE5A410090F930 /* DisclaimerVC.swift */ = {isa = PBXFileReference; lastKnownFileType = sourcecode.swift; path = DisclaimerVC.swift; sourceTree = "<group>"; };
		0D30D2EB1F9AAE0200609DCE /* CoreDataStack.swift */ = {isa = PBXFileReference; lastKnownFileType = sourcecode.swift; path = CoreDataStack.swift; sourceTree = "<group>"; };
		0D30D2ED1F9AB0D900609DCE /* Globals.swift */ = {isa = PBXFileReference; lastKnownFileType = sourcecode.swift; path = Globals.swift; sourceTree = "<group>"; };
		0D4EFADD1F85B17500A18A8C /* WheelPotential.app */ = {isa = PBXFileReference; explicitFileType = wrapper.application; includeInIndex = 0; path = WheelPotential.app; sourceTree = BUILT_PRODUCTS_DIR; };
		0D4EFAE01F85B17500A18A8C /* AppDelegate.swift */ = {isa = PBXFileReference; lastKnownFileType = sourcecode.swift; path = AppDelegate.swift; sourceTree = "<group>"; };
		0D4EFAE51F85B17500A18A8C /* Base */ = {isa = PBXFileReference; lastKnownFileType = file.storyboard; name = Base; path = Base.lproj/Main.storyboard; sourceTree = "<group>"; };
		0D4EFAE81F85B17500A18A8C /* WheelPotential.xcdatamodel */ = {isa = PBXFileReference; lastKnownFileType = wrapper.xcdatamodel; path = WheelPotential.xcdatamodel; sourceTree = "<group>"; };
		0D4EFAEA1F85B17500A18A8C /* Assets.xcassets */ = {isa = PBXFileReference; lastKnownFileType = folder.assetcatalog; path = Assets.xcassets; sourceTree = "<group>"; };
		0D4EFAEF1F85B17500A18A8C /* Info.plist */ = {isa = PBXFileReference; lastKnownFileType = text.plist.xml; path = Info.plist; sourceTree = "<group>"; };
		0D4EFAF41F85B17500A18A8C /* WheelPotentialTests.xctest */ = {isa = PBXFileReference; explicitFileType = wrapper.cfbundle; includeInIndex = 0; path = WheelPotentialTests.xctest; sourceTree = BUILT_PRODUCTS_DIR; };
		0D4EFAF81F85B17500A18A8C /* WheelPotentialTests.swift */ = {isa = PBXFileReference; lastKnownFileType = sourcecode.swift; path = WheelPotentialTests.swift; sourceTree = "<group>"; };
		0D4EFAFA1F85B17500A18A8C /* Info.plist */ = {isa = PBXFileReference; lastKnownFileType = text.plist.xml; path = Info.plist; sourceTree = "<group>"; };
		0D4EFAFF1F85B17500A18A8C /* WheelPotentialUITests.xctest */ = {isa = PBXFileReference; explicitFileType = wrapper.cfbundle; includeInIndex = 0; path = WheelPotentialUITests.xctest; sourceTree = BUILT_PRODUCTS_DIR; };
		0D4EFB031F85B17500A18A8C /* WheelPotentialUITests.swift */ = {isa = PBXFileReference; lastKnownFileType = sourcecode.swift; path = WheelPotentialUITests.swift; sourceTree = "<group>"; };
		0D4EFB051F85B17500A18A8C /* Info.plist */ = {isa = PBXFileReference; lastKnownFileType = text.plist.xml; path = Info.plist; sourceTree = "<group>"; };
		0D4EFB121F85B21400A18A8C /* WheelVC.swift */ = {isa = PBXFileReference; lastKnownFileType = sourcecode.swift; path = WheelVC.swift; sourceTree = "<group>"; };
		0D56F9661FA2B85F001B180A /* ActionsVC.swift */ = {isa = PBXFileReference; lastKnownFileType = sourcecode.swift; path = ActionsVC.swift; sourceTree = "<group>"; };
		0D56F9681FA2BF09001B180A /* Launch Screen.storyboard */ = {isa = PBXFileReference; lastKnownFileType = file.storyboard; path = "Launch Screen.storyboard"; sourceTree = "<group>"; };
		0D56F96B1FA2C1A4001B180A /* AnxietyVC.swift */ = {isa = PBXFileReference; lastKnownFileType = sourcecode.swift; path = AnxietyVC.swift; sourceTree = "<group>"; };
		0D5DD85B1FB664AC004B51BB /* WheelPotential_Blu-ray_60_1080i.mpg_1.mp4 */ = {isa = PBXFileReference; lastKnownFileType = file; name = "WheelPotential_Blu-ray_60_1080i.mpg_1.mp4"; path = "Images/WheelPotential_Blu-ray_60_1080i.mpg_1.mp4"; sourceTree = SOURCE_ROOT; };
		0DA081A91F9B6EC400849AEA /* Words.swift */ = {isa = PBXFileReference; lastKnownFileType = sourcecode.swift; path = Words.swift; sourceTree = "<group>"; };
		0DA081AD1F9B752100849AEA /* CaseCount.swift */ = {isa = PBXFileReference; lastKnownFileType = sourcecode.swift; path = CaseCount.swift; sourceTree = "<group>"; };
		0DA081AF1F9B76D000849AEA /* WordCell.swift */ = {isa = PBXFileReference; lastKnownFileType = sourcecode.swift; path = WordCell.swift; sourceTree = "<group>"; };
		0DA081B21F9B849100849AEA /* UIColor.swift */ = {isa = PBXFileReference; lastKnownFileType = sourcecode.swift; path = UIColor.swift; sourceTree = "<group>"; };
		0DC3A10A1F9BC0360049108C /* DefinitionVC.swift */ = {isa = PBXFileReference; lastKnownFileType = sourcecode.swift; path = DefinitionVC.swift; sourceTree = "<group>"; };
		0DCFE2DB1FD344A900102DC8 /* Gratitude.txt */ = {isa = PBXFileReference; lastKnownFileType = text; path = Gratitude.txt; sourceTree = "<group>"; };
		0DCFE2DD1FD344BD00102DC8 /* Love.txt */ = {isa = PBXFileReference; lastKnownFileType = text; path = Love.txt; sourceTree = "<group>"; };
		0DCFE2DF1FD3456000102DC8 /* Joy.txt */ = {isa = PBXFileReference; lastKnownFileType = text; path = Joy.txt; sourceTree = "<group>"; };
		0DCFE2E11FD345A600102DC8 /* Passion.txt */ = {isa = PBXFileReference; lastKnownFileType = text; path = Passion.txt; sourceTree = "<group>"; };
		0DCFE2E31FD345CB00102DC8 /* Happiness.txt */ = {isa = PBXFileReference; lastKnownFileType = text; path = Happiness.txt; sourceTree = "<group>"; };
		0DCFE2E51FD345F200102DC8 /* Excitement.txt */ = {isa = PBXFileReference; lastKnownFileType = text; path = Excitement.txt; sourceTree = "<group>"; };
		0DCFE2E71FD3460B00102DC8 /* Joyful Expectation.txt */ = {isa = PBXFileReference; lastKnownFileType = text; path = "Joyful Expectation.txt"; sourceTree = "<group>"; };
		0DCFE2E91FD3462C00102DC8 /* Hope.txt */ = {isa = PBXFileReference; lastKnownFileType = text; path = Hope.txt; sourceTree = "<group>"; };
		0DCFE2EB1FD3464B00102DC8 /* Satisfaction.txt */ = {isa = PBXFileReference; lastKnownFileType = text; path = Satisfaction.txt; sourceTree = "<group>"; };
		0DCFE2ED1FD3466500102DC8 /* Calm.txt */ = {isa = PBXFileReference; lastKnownFileType = text; path = Calm.txt; sourceTree = "<group>"; };
		0DCFE2EF1FD3467D00102DC8 /* Boredom.txt */ = {isa = PBXFileReference; lastKnownFileType = text; path = Boredom.txt; sourceTree = "<group>"; };
		0DCFE2F11FD3469000102DC8 /* Annoyance.txt */ = {isa = PBXFileReference; lastKnownFileType = text; path = Annoyance.txt; sourceTree = "<group>"; };
		0DCFE2F31FD346A900102DC8 /* Worry.txt */ = {isa = PBXFileReference; lastKnownFileType = text; path = Worry.txt; sourceTree = "<group>"; };
		0DCFE2F51FD346BE00102DC8 /* Blame.txt */ = {isa = PBXFileReference; lastKnownFileType = text; path = Blame.txt; sourceTree = "<group>"; };
		0DCFE2F71FD346D200102DC8 /* Anger.txt */ = {isa = PBXFileReference; lastKnownFileType = text; path = Anger.txt; sourceTree = "<group>"; };
		0DCFE2F91FD346E500102DC8 /* Revenge.txt */ = {isa = PBXFileReference; lastKnownFileType = text; path = Revenge.txt; sourceTree = "<group>"; };
		0DCFE2FB1FD346F600102DC8 /* Hate.txt */ = {isa = PBXFileReference; lastKnownFileType = text; path = Hate.txt; sourceTree = "<group>"; };
		0DCFE2FD1FD3470900102DC8 /* Resentment.txt */ = {isa = PBXFileReference; lastKnownFileType = text; path = Resentment.txt; sourceTree = "<group>"; };
		0DCFE2FF1FD3471D00102DC8 /* Guilt.txt */ = {isa = PBXFileReference; lastKnownFileType = text; path = Guilt.txt; sourceTree = "<group>"; };
		0DCFE3011FD3472F00102DC8 /* Depression.txt */ = {isa = PBXFileReference; lastKnownFileType = text; path = Depression.txt; sourceTree = "<group>"; };
		0DCFE3031FD3474100102DC8 /* Apathy.txt */ = {isa = PBXFileReference; lastKnownFileType = text; path = Apathy.txt; sourceTree = "<group>"; };
		0DCFE3051FD3475600102DC8 /* Fear.txt */ = {isa = PBXFileReference; lastKnownFileType = text; path = Fear.txt; sourceTree = "<group>"; };
/* End PBXFileReference section */

/* Begin PBXFrameworksBuildPhase section */
		0D4EFADA1F85B17500A18A8C /* Frameworks */ = {
			isa = PBXFrameworksBuildPhase;
			buildActionMask = 2147483647;
			files = (
			);
			runOnlyForDeploymentPostprocessing = 0;
		};
		0D4EFAF11F85B17500A18A8C /* Frameworks */ = {
			isa = PBXFrameworksBuildPhase;
			buildActionMask = 2147483647;
			files = (
			);
			runOnlyForDeploymentPostprocessing = 0;
		};
		0D4EFAFC1F85B17500A18A8C /* Frameworks */ = {
			isa = PBXFrameworksBuildPhase;
			buildActionMask = 2147483647;
			files = (
			);
			runOnlyForDeploymentPostprocessing = 0;
		};
/* End PBXFrameworksBuildPhase section */

/* Begin PBXGroup section */
		0D03DFDB1FF5A7DE008D40DB /* Results */ = {
			isa = PBXGroup;
			children = (
				0D03DFDC1FF5A803008D40DB /* ResultsVC.swift */,
			);
			path = Results;
			sourceTree = "<group>";
		};
		0D1644981FAE5A1F0090F930 /* Disclaimer */ = {
			isa = PBXGroup;
			children = (
				0D1644991FAE5A410090F930 /* DisclaimerVC.swift */,
			);
			path = Disclaimer;
			sourceTree = "<group>";
		};
		0D30D2EA1F9AADCA00609DCE /* Global */ = {
			isa = PBXGroup;
			children = (
				0D4EFAE01F85B17500A18A8C /* AppDelegate.swift */,
				0D30D2EB1F9AAE0200609DCE /* CoreDataStack.swift */,
				0D30D2ED1F9AB0D900609DCE /* Globals.swift */,
			);
			path = Global;
			sourceTree = "<group>";
		};
		0D4EFAD41F85B17500A18A8C = {
			isa = PBXGroup;
			children = (
				0D4EFADE1F85B17500A18A8C /* Products */,
				0D4EFADF1F85B17500A18A8C /* WheelPotential */,
				0D4EFAF71F85B17500A18A8C /* WheelPotentialTests */,
				0D4EFB021F85B17500A18A8C /* WheelPotentialUITests */,
			);
			sourceTree = "<group>";
		};
		0D4EFADE1F85B17500A18A8C /* Products */ = {
			isa = PBXGroup;
			children = (
				0D4EFADD1F85B17500A18A8C /* WheelPotential.app */,
				0D4EFAF41F85B17500A18A8C /* WheelPotentialTests.xctest */,
				0D4EFAFF1F85B17500A18A8C /* WheelPotentialUITests.xctest */,
			);
			name = Products;
			sourceTree = "<group>";
		};
		0D4EFADF1F85B17500A18A8C /* WheelPotential */ = {
			isa = PBXGroup;
			children = (
				0D03DFDB1FF5A7DE008D40DB /* Results */,
				0D5DD85B1FB664AC004B51BB /* WheelPotential_Blu-ray_60_1080i.mpg_1.mp4 */,
				0D1644981FAE5A1F0090F930 /* Disclaimer */,
				0D56F96A1FA2C181001B180A /* Anxiety */,
				0D56F9651FA2B84E001B180A /* Actions */,
				0DC3A1091F9BC00C0049108C /* Definition */,
				0DA081B11F9B848200849AEA /* Extensions */,
				0DA081AC1F9B751100849AEA /* Protocols */,
				0DA081AB1F9B726C00849AEA /* Enums */,
				0D30D2EA1F9AADCA00609DCE /* Global */,
				0D4EFB111F85B1F900A18A8C /* Wheel */,
				0D4EFAE41F85B17500A18A8C /* Main.storyboard */,
				0D4EFAEA1F85B17500A18A8C /* Assets.xcassets */,
				0D4EFAEF1F85B17500A18A8C /* Info.plist */,
				0D4EFAE71F85B17500A18A8C /* WheelPotential.xcdatamodeld */,
				0D56F9681FA2BF09001B180A /* Launch Screen.storyboard */,
			);
			path = WheelPotential;
			sourceTree = "<group>";
		};
		0D4EFAF71F85B17500A18A8C /* WheelPotentialTests */ = {
			isa = PBXGroup;
			children = (
				0D4EFAF81F85B17500A18A8C /* WheelPotentialTests.swift */,
				0D4EFAFA1F85B17500A18A8C /* Info.plist */,
			);
			path = WheelPotentialTests;
			sourceTree = "<group>";
		};
		0D4EFB021F85B17500A18A8C /* WheelPotentialUITests */ = {
			isa = PBXGroup;
			children = (
				0D4EFB031F85B17500A18A8C /* WheelPotentialUITests.swift */,
				0D4EFB051F85B17500A18A8C /* Info.plist */,
			);
			path = WheelPotentialUITests;
			sourceTree = "<group>";
		};
		0D4EFB111F85B1F900A18A8C /* Wheel */ = {
			isa = PBXGroup;
			children = (
				0D4EFB121F85B21400A18A8C /* WheelVC.swift */,
				0DA081AF1F9B76D000849AEA /* WordCell.swift */,
			);
			path = Wheel;
			sourceTree = "<group>";
		};
		0D56F9651FA2B84E001B180A /* Actions */ = {
			isa = PBXGroup;
			children = (
				0D56F9661FA2B85F001B180A /* ActionsVC.swift */,
			);
			path = Actions;
			sourceTree = "<group>";
		};
		0D56F96A1FA2C181001B180A /* Anxiety */ = {
			isa = PBXGroup;
			children = (
				0D56F96B1FA2C1A4001B180A /* AnxietyVC.swift */,
			);
			path = Anxiety;
			sourceTree = "<group>";
		};
		0DA081AB1F9B726C00849AEA /* Enums */ = {
			isa = PBXGroup;
			children = (
				0DA081A91F9B6EC400849AEA /* Words.swift */,
			);
			path = Enums;
			sourceTree = "<group>";
		};
		0DA081AC1F9B751100849AEA /* Protocols */ = {
			isa = PBXGroup;
			children = (
				0DA081AD1F9B752100849AEA /* CaseCount.swift */,
			);
			path = Protocols;
			sourceTree = "<group>";
		};
		0DA081B11F9B848200849AEA /* Extensions */ = {
			isa = PBXGroup;
			children = (
				0DA081B21F9B849100849AEA /* UIColor.swift */,
			);
			path = Extensions;
			sourceTree = "<group>";
		};
		0DC3A1091F9BC00C0049108C /* Definition */ = {
			isa = PBXGroup;
			children = (
				0DCFE2DA1FD3448F00102DC8 /* Definition Files */,
				0DC3A10A1F9BC0360049108C /* DefinitionVC.swift */,
			);
			path = Definition;
			sourceTree = "<group>";
		};
		0DCFE2DA1FD3448F00102DC8 /* Definition Files */ = {
			isa = PBXGroup;
			children = (
				0DCFE2F71FD346D200102DC8 /* Anger.txt */,
				0DCFE2F11FD3469000102DC8 /* Annoyance.txt */,
				0DCFE3031FD3474100102DC8 /* Apathy.txt */,
				0DCFE2F51FD346BE00102DC8 /* Blame.txt */,
				0DCFE2EF1FD3467D00102DC8 /* Boredom.txt */,
				0DCFE2ED1FD3466500102DC8 /* Calm.txt */,
				0DCFE3011FD3472F00102DC8 /* Depression.txt */,
				0DCFE2E51FD345F200102DC8 /* Excitement.txt */,
				0DCFE3051FD3475600102DC8 /* Fear.txt */,
				0DCFE2DB1FD344A900102DC8 /* Gratitude.txt */,
				0DCFE2FF1FD3471D00102DC8 /* Guilt.txt */,
				0DCFE2E31FD345CB00102DC8 /* Happiness.txt */,
				0DCFE2FB1FD346F600102DC8 /* Hate.txt */,
				0DCFE2E91FD3462C00102DC8 /* Hope.txt */,
				0DCFE2DF1FD3456000102DC8 /* Joy.txt */,
				0DCFE2E71FD3460B00102DC8 /* Joyful Expectation.txt */,
				0DCFE2DD1FD344BD00102DC8 /* Love.txt */,
				0DCFE2E11FD345A600102DC8 /* Passion.txt */,
				0DCFE2FD1FD3470900102DC8 /* Resentment.txt */,
				0DCFE2F91FD346E500102DC8 /* Revenge.txt */,
				0DCFE2EB1FD3464B00102DC8 /* Satisfaction.txt */,
				0DCFE2F31FD346A900102DC8 /* Worry.txt */,
			);
			path = "Definition Files";
			sourceTree = "<group>";
		};
/* End PBXGroup section */

/* Begin PBXNativeTarget section */
		0D4EFADC1F85B17500A18A8C /* WheelPotential */ = {
			isa = PBXNativeTarget;
			buildConfigurationList = 0D4EFB081F85B17500A18A8C /* Build configuration list for PBXNativeTarget "WheelPotential" */;
			buildPhases = (
				0D4EFAD91F85B17500A18A8C /* Sources */,
				0D4EFADA1F85B17500A18A8C /* Frameworks */,
				0D4EFADB1F85B17500A18A8C /* Resources */,
			);
			buildRules = (
			);
			dependencies = (
			);
			name = WheelPotential;
			productName = WheelPotential;
			productReference = 0D4EFADD1F85B17500A18A8C /* WheelPotential.app */;
			productType = "com.apple.product-type.application";
		};
		0D4EFAF31F85B17500A18A8C /* WheelPotentialTests */ = {
			isa = PBXNativeTarget;
			buildConfigurationList = 0D4EFB0B1F85B17500A18A8C /* Build configuration list for PBXNativeTarget "WheelPotentialTests" */;
			buildPhases = (
				0D4EFAF01F85B17500A18A8C /* Sources */,
				0D4EFAF11F85B17500A18A8C /* Frameworks */,
				0D4EFAF21F85B17500A18A8C /* Resources */,
			);
			buildRules = (
			);
			dependencies = (
				0D4EFAF61F85B17500A18A8C /* PBXTargetDependency */,
			);
			name = WheelPotentialTests;
			productName = WheelPotentialTests;
			productReference = 0D4EFAF41F85B17500A18A8C /* WheelPotentialTests.xctest */;
			productType = "com.apple.product-type.bundle.unit-test";
		};
		0D4EFAFE1F85B17500A18A8C /* WheelPotentialUITests */ = {
			isa = PBXNativeTarget;
			buildConfigurationList = 0D4EFB0E1F85B17500A18A8C /* Build configuration list for PBXNativeTarget "WheelPotentialUITests" */;
			buildPhases = (
				0D4EFAFB1F85B17500A18A8C /* Sources */,
				0D4EFAFC1F85B17500A18A8C /* Frameworks */,
				0D4EFAFD1F85B17500A18A8C /* Resources */,
			);
			buildRules = (
			);
			dependencies = (
				0D4EFB011F85B17500A18A8C /* PBXTargetDependency */,
			);
			name = WheelPotentialUITests;
			productName = WheelPotentialUITests;
			productReference = 0D4EFAFF1F85B17500A18A8C /* WheelPotentialUITests.xctest */;
			productType = "com.apple.product-type.bundle.ui-testing";
		};
/* End PBXNativeTarget section */

/* Begin PBXProject section */
		0D4EFAD51F85B17500A18A8C /* Project object */ = {
			isa = PBXProject;
			attributes = {
				LastSwiftUpdateCheck = 0900;
				LastUpgradeCheck = 0900;
				ORGANIZATIONNAME = "Schroeder Studios";
				TargetAttributes = {
					0D4EFADC1F85B17500A18A8C = {
						CreatedOnToolsVersion = 9.0;
						ProvisioningStyle = Automatic;
					};
					0D4EFAF31F85B17500A18A8C = {
						CreatedOnToolsVersion = 9.0;
						ProvisioningStyle = Automatic;
						TestTargetID = 0D4EFADC1F85B17500A18A8C;
					};
					0D4EFAFE1F85B17500A18A8C = {
						CreatedOnToolsVersion = 9.0;
						ProvisioningStyle = Automatic;
						TestTargetID = 0D4EFADC1F85B17500A18A8C;
					};
				};
			};
			buildConfigurationList = 0D4EFAD81F85B17500A18A8C /* Build configuration list for PBXProject "WheelPotential" */;
			compatibilityVersion = "Xcode 8.0";
			developmentRegion = en;
			hasScannedForEncodings = 0;
			knownRegions = (
				en,
				Base,
			);
			mainGroup = 0D4EFAD41F85B17500A18A8C;
			productRefGroup = 0D4EFADE1F85B17500A18A8C /* Products */;
			projectDirPath = "";
			projectRoot = "";
			targets = (
				0D4EFADC1F85B17500A18A8C /* WheelPotential */,
				0D4EFAF31F85B17500A18A8C /* WheelPotentialTests */,
				0D4EFAFE1F85B17500A18A8C /* WheelPotentialUITests */,
			);
		};
/* End PBXProject section */

/* Begin PBXResourcesBuildPhase section */
		0D4EFADB1F85B17500A18A8C /* Resources */ = {
			isa = PBXResourcesBuildPhase;
			buildActionMask = 2147483647;
			files = (
				0DCFE2F61FD346BE00102DC8 /* Blame.txt in Resources */,
				0D5DD85C1FB664AC004B51BB /* WheelPotential_Blu-ray_60_1080i.mpg_1.mp4 in Resources */,
				0DCFE2FC1FD346F600102DC8 /* Hate.txt in Resources */,
				0DCFE2E01FD3456000102DC8 /* Joy.txt in Resources */,
				0DCFE2F81FD346D200102DC8 /* Anger.txt in Resources */,
				0DCFE2FE1FD3470900102DC8 /* Resentment.txt in Resources */,
				0DCFE2F01FD3467D00102DC8 /* Boredom.txt in Resources */,
				0DCFE2EC1FD3464B00102DC8 /* Satisfaction.txt in Resources */,
				0DCFE3041FD3474100102DC8 /* Apathy.txt in Resources */,
				0DCFE2EA1FD3462C00102DC8 /* Hope.txt in Resources */,
				0DCFE2DC1FD344A900102DC8 /* Gratitude.txt in Resources */,
				0DCFE2DE1FD344BD00102DC8 /* Love.txt in Resources */,
				0DCFE3061FD3475600102DC8 /* Fear.txt in Resources */,
				0DCFE2FA1FD346E500102DC8 /* Revenge.txt in Resources */,
				0DCFE3001FD3471D00102DC8 /* Guilt.txt in Resources */,
				0DCFE2F21FD3469000102DC8 /* Annoyance.txt in Resources */,
				0DCFE2E61FD345F200102DC8 /* Excitement.txt in Resources */,
				0DCFE2F41FD346A900102DC8 /* Worry.txt in Resources */,
				0DCFE3021FD3472F00102DC8 /* Depression.txt in Resources */,
				0D4EFAEB1F85B17500A18A8C /* Assets.xcassets in Resources */,
				0DCFE2E81FD3460B00102DC8 /* Joyful Expectation.txt in Resources */,
				0D56F9691FA2BF09001B180A /* Launch Screen.storyboard in Resources */,
				0DCFE2E21FD345A600102DC8 /* Passion.txt in Resources */,
				0D4EFAE61F85B17500A18A8C /* Main.storyboard in Resources */,
				0DCFE2E41FD345CB00102DC8 /* Happiness.txt in Resources */,
				0DCFE2EE1FD3466500102DC8 /* Calm.txt in Resources */,
			);
			runOnlyForDeploymentPostprocessing = 0;
		};
		0D4EFAF21F85B17500A18A8C /* Resources */ = {
			isa = PBXResourcesBuildPhase;
			buildActionMask = 2147483647;
			files = (
			);
			runOnlyForDeploymentPostprocessing = 0;
		};
		0D4EFAFD1F85B17500A18A8C /* Resources */ = {
			isa = PBXResourcesBuildPhase;
			buildActionMask = 2147483647;
			files = (
			);
			runOnlyForDeploymentPostprocessing = 0;
		};
/* End PBXResourcesBuildPhase section */

/* Begin PBXSourcesBuildPhase section */
		0D4EFAD91F85B17500A18A8C /* Sources */ = {
			isa = PBXSourcesBuildPhase;
			buildActionMask = 2147483647;
			files = (
				0DA081AA1F9B6EC400849AEA /* Words.swift in Sources */,
				0D56F9671FA2B85F001B180A /* ActionsVC.swift in Sources */,
				0D56F96C1FA2C1A4001B180A /* AnxietyVC.swift in Sources */,
				0D30D2EC1F9AAE0200609DCE /* CoreDataStack.swift in Sources */,
				0D16449A1FAE5A410090F930 /* DisclaimerVC.swift in Sources */,
				0DA081AE1F9B752100849AEA /* CaseCount.swift in Sources */,
				0D4EFAE91F85B17500A18A8C /* WheelPotential.xcdatamodeld in Sources */,
				0D03DFDD1FF5A803008D40DB /* ResultsVC.swift in Sources */,
				0DA081B31F9B849100849AEA /* UIColor.swift in Sources */,
				0D4EFB131F85B21400A18A8C /* WheelVC.swift in Sources */,
				0DA081B01F9B76D000849AEA /* WordCell.swift in Sources */,
				0D30D2EE1F9AB0D900609DCE /* Globals.swift in Sources */,
				0DC3A10B1F9BC0360049108C /* DefinitionVC.swift in Sources */,
				0D4EFAE11F85B17500A18A8C /* AppDelegate.swift in Sources */,
			);
			runOnlyForDeploymentPostprocessing = 0;
		};
		0D4EFAF01F85B17500A18A8C /* Sources */ = {
			isa = PBXSourcesBuildPhase;
			buildActionMask = 2147483647;
			files = (
				0D4EFAF91F85B17500A18A8C /* WheelPotentialTests.swift in Sources */,
			);
			runOnlyForDeploymentPostprocessing = 0;
		};
		0D4EFAFB1F85B17500A18A8C /* Sources */ = {
			isa = PBXSourcesBuildPhase;
			buildActionMask = 2147483647;
			files = (
				0D4EFB041F85B17500A18A8C /* WheelPotentialUITests.swift in Sources */,
			);
			runOnlyForDeploymentPostprocessing = 0;
		};
/* End PBXSourcesBuildPhase section */

/* Begin PBXTargetDependency section */
		0D4EFAF61F85B17500A18A8C /* PBXTargetDependency */ = {
			isa = PBXTargetDependency;
			target = 0D4EFADC1F85B17500A18A8C /* WheelPotential */;
			targetProxy = 0D4EFAF51F85B17500A18A8C /* PBXContainerItemProxy */;
		};
		0D4EFB011F85B17500A18A8C /* PBXTargetDependency */ = {
			isa = PBXTargetDependency;
			target = 0D4EFADC1F85B17500A18A8C /* WheelPotential */;
			targetProxy = 0D4EFB001F85B17500A18A8C /* PBXContainerItemProxy */;
		};
/* End PBXTargetDependency section */

/* Begin PBXVariantGroup section */
		0D4EFAE41F85B17500A18A8C /* Main.storyboard */ = {
			isa = PBXVariantGroup;
			children = (
				0D4EFAE51F85B17500A18A8C /* Base */,
			);
			name = Main.storyboard;
			sourceTree = "<group>";
		};
/* End PBXVariantGroup section */

/* Begin XCBuildConfiguration section */
		0D4EFB061F85B17500A18A8C /* Debug */ = {
			isa = XCBuildConfiguration;
			buildSettings = {
				ALWAYS_SEARCH_USER_PATHS = NO;
				CLANG_ANALYZER_NONNULL = YES;
				CLANG_ANALYZER_NUMBER_OBJECT_CONVERSION = YES_AGGRESSIVE;
				CLANG_CXX_LANGUAGE_STANDARD = "gnu++14";
				CLANG_CXX_LIBRARY = "libc++";
				CLANG_ENABLE_MODULES = YES;
				CLANG_ENABLE_OBJC_ARC = YES;
				CLANG_WARN_BLOCK_CAPTURE_AUTORELEASING = YES;
				CLANG_WARN_BOOL_CONVERSION = YES;
				CLANG_WARN_COMMA = YES;
				CLANG_WARN_CONSTANT_CONVERSION = YES;
				CLANG_WARN_DIRECT_OBJC_ISA_USAGE = YES_ERROR;
				CLANG_WARN_DOCUMENTATION_COMMENTS = YES;
				CLANG_WARN_EMPTY_BODY = YES;
				CLANG_WARN_ENUM_CONVERSION = YES;
				CLANG_WARN_INFINITE_RECURSION = YES;
				CLANG_WARN_INT_CONVERSION = YES;
				CLANG_WARN_NON_LITERAL_NULL_CONVERSION = YES;
				CLANG_WARN_OBJC_LITERAL_CONVERSION = YES;
				CLANG_WARN_OBJC_ROOT_CLASS = YES_ERROR;
				CLANG_WARN_RANGE_LOOP_ANALYSIS = YES;
				CLANG_WARN_STRICT_PROTOTYPES = YES;
				CLANG_WARN_SUSPICIOUS_MOVE = YES;
				CLANG_WARN_UNGUARDED_AVAILABILITY = YES_AGGRESSIVE;
				CLANG_WARN_UNREACHABLE_CODE = YES;
				CLANG_WARN__DUPLICATE_METHOD_MATCH = YES;
				CODE_SIGN_IDENTITY = "iPhone Developer";
				COPY_PHASE_STRIP = NO;
				DEBUG_INFORMATION_FORMAT = dwarf;
				ENABLE_STRICT_OBJC_MSGSEND = YES;
				ENABLE_TESTABILITY = YES;
				GCC_C_LANGUAGE_STANDARD = gnu11;
				GCC_DYNAMIC_NO_PIC = NO;
				GCC_NO_COMMON_BLOCKS = YES;
				GCC_OPTIMIZATION_LEVEL = 0;
				GCC_PREPROCESSOR_DEFINITIONS = (
					"DEBUG=1",
					"$(inherited)",
				);
				GCC_WARN_64_TO_32_BIT_CONVERSION = YES;
				GCC_WARN_ABOUT_RETURN_TYPE = YES_ERROR;
				GCC_WARN_UNDECLARED_SELECTOR = YES;
				GCC_WARN_UNINITIALIZED_AUTOS = YES_AGGRESSIVE;
				GCC_WARN_UNUSED_FUNCTION = YES;
				GCC_WARN_UNUSED_VARIABLE = YES;
				IPHONEOS_DEPLOYMENT_TARGET = 11.0;
				MTL_ENABLE_DEBUG_INFO = YES;
				ONLY_ACTIVE_ARCH = YES;
				SDKROOT = iphoneos;
				SWIFT_ACTIVE_COMPILATION_CONDITIONS = DEBUG;
				SWIFT_OPTIMIZATION_LEVEL = "-Onone";
			};
			name = Debug;
		};
		0D4EFB071F85B17500A18A8C /* Release */ = {
			isa = XCBuildConfiguration;
			buildSettings = {
				ALWAYS_SEARCH_USER_PATHS = NO;
				CLANG_ANALYZER_NONNULL = YES;
				CLANG_ANALYZER_NUMBER_OBJECT_CONVERSION = YES_AGGRESSIVE;
				CLANG_CXX_LANGUAGE_STANDARD = "gnu++14";
				CLANG_CXX_LIBRARY = "libc++";
				CLANG_ENABLE_MODULES = YES;
				CLANG_ENABLE_OBJC_ARC = YES;
				CLANG_WARN_BLOCK_CAPTURE_AUTORELEASING = YES;
				CLANG_WARN_BOOL_CONVERSION = YES;
				CLANG_WARN_COMMA = YES;
				CLANG_WARN_CONSTANT_CONVERSION = YES;
				CLANG_WARN_DIRECT_OBJC_ISA_USAGE = YES_ERROR;
				CLANG_WARN_DOCUMENTATION_COMMENTS = YES;
				CLANG_WARN_EMPTY_BODY = YES;
				CLANG_WARN_ENUM_CONVERSION = YES;
				CLANG_WARN_INFINITE_RECURSION = YES;
				CLANG_WARN_INT_CONVERSION = YES;
				CLANG_WARN_NON_LITERAL_NULL_CONVERSION = YES;
				CLANG_WARN_OBJC_LITERAL_CONVERSION = YES;
				CLANG_WARN_OBJC_ROOT_CLASS = YES_ERROR;
				CLANG_WARN_RANGE_LOOP_ANALYSIS = YES;
				CLANG_WARN_STRICT_PROTOTYPES = YES;
				CLANG_WARN_SUSPICIOUS_MOVE = YES;
				CLANG_WARN_UNGUARDED_AVAILABILITY = YES_AGGRESSIVE;
				CLANG_WARN_UNREACHABLE_CODE = YES;
				CLANG_WARN__DUPLICATE_METHOD_MATCH = YES;
				CODE_SIGN_IDENTITY = "iPhone Developer";
				COPY_PHASE_STRIP = NO;
				DEBUG_INFORMATION_FORMAT = "dwarf-with-dsym";
				ENABLE_NS_ASSERTIONS = NO;
				ENABLE_STRICT_OBJC_MSGSEND = YES;
				GCC_C_LANGUAGE_STANDARD = gnu11;
				GCC_NO_COMMON_BLOCKS = YES;
				GCC_WARN_64_TO_32_BIT_CONVERSION = YES;
				GCC_WARN_ABOUT_RETURN_TYPE = YES_ERROR;
				GCC_WARN_UNDECLARED_SELECTOR = YES;
				GCC_WARN_UNINITIALIZED_AUTOS = YES_AGGRESSIVE;
				GCC_WARN_UNUSED_FUNCTION = YES;
				GCC_WARN_UNUSED_VARIABLE = YES;
				IPHONEOS_DEPLOYMENT_TARGET = 11.0;
				MTL_ENABLE_DEBUG_INFO = NO;
				SDKROOT = iphoneos;
				SWIFT_OPTIMIZATION_LEVEL = "-Owholemodule";
				VALIDATE_PRODUCT = YES;
			};
			name = Release;
		};
		0D4EFB091F85B17500A18A8C /* Debug */ = {
			isa = XCBuildConfiguration;
			buildSettings = {
				ASSETCATALOG_COMPILER_APPICON_NAME = AppIcon;
				CODE_SIGN_STYLE = Automatic;
				DEVELOPMENT_TEAM = 2926745ZP6;
				INFOPLIST_FILE = WheelPotential/Info.plist;
				LD_RUNPATH_SEARCH_PATHS = "$(inherited) @executable_path/Frameworks";
				PRODUCT_BUNDLE_IDENTIFIER = SchroederStudios.WheelPotential;
				PRODUCT_NAME = "$(TARGET_NAME)";
				SWIFT_VERSION = 4.0;
				TARGETED_DEVICE_FAMILY = "1,2";
			};
			name = Debug;
		};
		0D4EFB0A1F85B17500A18A8C /* Release */ = {
			isa = XCBuildConfiguration;
			buildSettings = {
				ASSETCATALOG_COMPILER_APPICON_NAME = AppIcon;
				CODE_SIGN_STYLE = Automatic;
				DEVELOPMENT_TEAM = 2926745ZP6;
				INFOPLIST_FILE = WheelPotential/Info.plist;
				LD_RUNPATH_SEARCH_PATHS = "$(inherited) @executable_path/Frameworks";
				PRODUCT_BUNDLE_IDENTIFIER = SchroederStudios.WheelPotential;
				PRODUCT_NAME = "$(TARGET_NAME)";
				SWIFT_VERSION = 4.0;
				TARGETED_DEVICE_FAMILY = "1,2";
			};
			name = Release;
		};
		0D4EFB0C1F85B17500A18A8C /* Debug */ = {
			isa = XCBuildConfiguration;
			buildSettings = {
				ALWAYS_EMBED_SWIFT_STANDARD_LIBRARIES = YES;
				BUNDLE_LOADER = "$(TEST_HOST)";
				CODE_SIGN_STYLE = Automatic;
				DEVELOPMENT_TEAM = 2926745ZP6;
				INFOPLIST_FILE = WheelPotentialTests/Info.plist;
				LD_RUNPATH_SEARCH_PATHS = "$(inherited) @executable_path/Frameworks @loader_path/Frameworks";
				PRODUCT_BUNDLE_IDENTIFIER = SchroederStudios.WheelPotentialTests;
				PRODUCT_NAME = "$(TARGET_NAME)";
				SWIFT_VERSION = 4.0;
				TARGETED_DEVICE_FAMILY = "1,2";
				TEST_HOST = "$(BUILT_PRODUCTS_DIR)/WheelPotential.app/WheelPotential";
			};
			name = Debug;
		};
		0D4EFB0D1F85B17500A18A8C /* Release */ = {
			isa = XCBuildConfiguration;
			buildSettings = {
				ALWAYS_EMBED_SWIFT_STANDARD_LIBRARIES = YES;
				BUNDLE_LOADER = "$(TEST_HOST)";
				CODE_SIGN_STYLE = Automatic;
				DEVELOPMENT_TEAM = 2926745ZP6;
				INFOPLIST_FILE = WheelPotentialTests/Info.plist;
				LD_RUNPATH_SEARCH_PATHS = "$(inherited) @executable_path/Frameworks @loader_path/Frameworks";
				PRODUCT_BUNDLE_IDENTIFIER = SchroederStudios.WheelPotentialTests;
				PRODUCT_NAME = "$(TARGET_NAME)";
				SWIFT_VERSION = 4.0;
				TARGETED_DEVICE_FAMILY = "1,2";
				TEST_HOST = "$(BUILT_PRODUCTS_DIR)/WheelPotential.app/WheelPotential";
			};
			name = Release;
		};
		0D4EFB0F1F85B17500A18A8C /* Debug */ = {
			isa = XCBuildConfiguration;
			buildSettings = {
				ALWAYS_EMBED_SWIFT_STANDARD_LIBRARIES = YES;
				CODE_SIGN_STYLE = Automatic;
				DEVELOPMENT_TEAM = 2926745ZP6;
				INFOPLIST_FILE = WheelPotentialUITests/Info.plist;
				LD_RUNPATH_SEARCH_PATHS = "$(inherited) @executable_path/Frameworks @loader_path/Frameworks";
				PRODUCT_BUNDLE_IDENTIFIER = SchroederStudios.WheelPotentialUITests;
				PRODUCT_NAME = "$(TARGET_NAME)";
				SWIFT_VERSION = 4.0;
				TARGETED_DEVICE_FAMILY = "1,2";
				TEST_TARGET_NAME = WheelPotential;
			};
			name = Debug;
		};
		0D4EFB101F85B17500A18A8C /* Release */ = {
			isa = XCBuildConfiguration;
			buildSettings = {
				ALWAYS_EMBED_SWIFT_STANDARD_LIBRARIES = YES;
				CODE_SIGN_STYLE = Automatic;
				DEVELOPMENT_TEAM = 2926745ZP6;
				INFOPLIST_FILE = WheelPotentialUITests/Info.plist;
				LD_RUNPATH_SEARCH_PATHS = "$(inherited) @executable_path/Frameworks @loader_path/Frameworks";
				PRODUCT_BUNDLE_IDENTIFIER = SchroederStudios.WheelPotentialUITests;
				PRODUCT_NAME = "$(TARGET_NAME)";
				SWIFT_VERSION = 4.0;
				TARGETED_DEVICE_FAMILY = "1,2";
				TEST_TARGET_NAME = WheelPotential;
			};
			name = Release;
		};
/* End XCBuildConfiguration section */

/* Begin XCConfigurationList section */
		0D4EFAD81F85B17500A18A8C /* Build configuration list for PBXProject "WheelPotential" */ = {
			isa = XCConfigurationList;
			buildConfigurations = (
				0D4EFB061F85B17500A18A8C /* Debug */,
				0D4EFB071F85B17500A18A8C /* Release */,
			);
			defaultConfigurationIsVisible = 0;
			defaultConfigurationName = Release;
		};
		0D4EFB081F85B17500A18A8C /* Build configuration list for PBXNativeTarget "WheelPotential" */ = {
			isa = XCConfigurationList;
			buildConfigurations = (
				0D4EFB091F85B17500A18A8C /* Debug */,
				0D4EFB0A1F85B17500A18A8C /* Release */,
			);
			defaultConfigurationIsVisible = 0;
			defaultConfigurationName = Release;
		};
		0D4EFB0B1F85B17500A18A8C /* Build configuration list for PBXNativeTarget "WheelPotentialTests" */ = {
			isa = XCConfigurationList;
			buildConfigurations = (
				0D4EFB0C1F85B17500A18A8C /* Debug */,
				0D4EFB0D1F85B17500A18A8C /* Release */,
			);
			defaultConfigurationIsVisible = 0;
			defaultConfigurationName = Release;
		};
		0D4EFB0E1F85B17500A18A8C /* Build configuration list for PBXNativeTarget "WheelPotentialUITests" */ = {
			isa = XCConfigurationList;
			buildConfigurations = (
				0D4EFB0F1F85B17500A18A8C /* Debug */,
				0D4EFB101F85B17500A18A8C /* Release */,
			);
			defaultConfigurationIsVisible = 0;
			defaultConfigurationName = Release;
		};
/* End XCConfigurationList section */

/* Begin XCVersionGroup section */
		0D4EFAE71F85B17500A18A8C /* WheelPotential.xcdatamodeld */ = {
			isa = XCVersionGroup;
			children = (
				0D4EFAE81F85B17500A18A8C /* WheelPotential.xcdatamodel */,
			);
			currentVersion = 0D4EFAE81F85B17500A18A8C /* WheelPotential.xcdatamodel */;
			path = WheelPotential.xcdatamodeld;
			sourceTree = "<group>";
			versionGroupType = wrapper.xcdatamodel;
		};
/* End XCVersionGroup section */
	};
	rootObject = 0D4EFAD51F85B17500A18A8C /* Project object */;
}
